<?xml version="1.0" encoding="utf-8"?>
<Project ToolsVersion="4.0" xmlns="http://schemas.microsoft.com/developer/msbuild/2003">
  <ItemGroup>
    <Filter Include="소스 파일">
      <UniqueIdentifier>{4FC737F1-C7A5-4376-A066-2A32D752A2FF}</UniqueIdentifier>
      <Extensions>cpp;c;cc;cxx;def;odl;idl;hpj;bat;asm;asmx</Extensions>
    </Filter>
    <Filter Include="헤더 파일">
      <UniqueIdentifier>{93995380-89BD-4b04-88EB-625FBE52EBFB}</UniqueIdentifier>
      <Extensions>h;hh;hpp;hxx;hm;inl;inc;ipp;xsd</Extensions>
    </Filter>
    <Filter Include="리소스 파일">
      <UniqueIdentifier>{67DA6AB6-F800-4c08-8B7A-83BB121AAD01}</UniqueIdentifier>
      <Extensions>rc;ico;cur;bmp;dlg;rc2;rct;bin;rgs;gif;jpg;jpeg;jpe;resx;tiff;tif;png;wav;mfcribbon-ms</Extensions>
    </Filter>
    <Filter Include="소스 파일\BOJ">
      <UniqueIdentifier>{b68bbf3b-0af5-4d1c-bd59-d8529498b104}</UniqueIdentifier>
    </Filter>
    <Filter Include="소스 파일\Data Structure">
      <UniqueIdentifier>{47129a01-7a3a-4d83-bd3b-442c1ff4796c}</UniqueIdentifier>
    </Filter>
    <Filter Include="소스 파일\Goorm Level">
      <UniqueIdentifier>{918b1b5f-1e16-4710-9deb-d6e33bb08ad4}</UniqueIdentifier>
    </Filter>
    <Filter Include="소스 파일\Practice">
      <UniqueIdentifier>{ea8ab451-9f58-4be3-8907-c9b26bfb4602}</UniqueIdentifier>
    </Filter>
  </ItemGroup>
  <ItemGroup>
    <ClCompile Include="stack.cpp">
      <Filter>소스 파일\Data Structure</Filter>
    </ClCompile>
    <ClCompile Include="queue.cpp">
      <Filter>소스 파일\Data Structure</Filter>
    </ClCompile>
    <ClCompile Include="BFS.cpp">
      <Filter>소스 파일\Data Structure</Filter>
    </ClCompile>
    <ClCompile Include="11657 타임머신.cpp">
      <Filter>소스 파일\BOJ</Filter>
    </ClCompile>
    <ClCompile Include="DFS.cpp">
      <Filter>소스 파일\Data Structure</Filter>
    </ClCompile>
    <ClCompile Include="union-find.cpp">
      <Filter>소스 파일\Data Structure</Filter>
    </ClCompile>
    <ClCompile Include="Dijkstra.cpp">
      <Filter>소스 파일\Data Structure</Filter>
    </ClCompile>
    <ClCompile Include="Hello World.cpp">
      <Filter>소스 파일</Filter>
    </ClCompile>
    <ClCompile Include="43120 길찾기%28삼각형%29.cpp">
      <Filter>소스 파일\Goorm Level</Filter>
    </ClCompile>
    <ClCompile Include="LIS.cpp">
      <Filter>소스 파일\Data Structure</Filter>
    </ClCompile>
    <ClCompile Include="11047 동전0.cpp">
      <Filter>소스 파일\BOJ</Filter>
    </ClCompile>
    <ClCompile Include="--1931 회의실배정%28다못풀음%29.cpp">
      <Filter>소스 파일\BOJ</Filter>
    </ClCompile>
    <ClCompile Include="11399 ATM.cpp">
      <Filter>소스 파일\BOJ</Filter>
    </ClCompile>
    <ClCompile Include="binary search.cpp">
      <Filter>소스 파일\Data Structure</Filter>
    </ClCompile>
    <ClCompile Include="5565 거스름돈.cpp">
      <Filter>소스 파일\BOJ</Filter>
    </ClCompile>
    <ClCompile Include="1914 하노이의 탑.cpp">
      <Filter>소스 파일\BOJ</Filter>
    </ClCompile>
    <ClCompile Include="1904 01타일.cpp">
      <Filter>소스 파일\BOJ</Filter>
    </ClCompile>
    <ClCompile Include="9461 파도반 수열.cpp">
      <Filter>소스 파일\BOJ</Filter>
    </ClCompile>
    <ClCompile Include="1932 정수 삼각형.cpp">
      <Filter>소스 파일\BOJ</Filter>
    </ClCompile>
    <ClCompile Include="2579 계단 오르기.cpp">
      <Filter>소스 파일\BOJ</Filter>
    </ClCompile>
    <ClCompile Include="1463 1로 만들기.cpp">
      <Filter>소스 파일\BOJ</Filter>
    </ClCompile>
    <ClCompile Include="12865 평범한 배낭 %28수정필요%29.cpp">
      <Filter>소스 파일\BOJ</Filter>
    </ClCompile>
    <ClCompile Include="1541 잃어버린 괄호%28결과수정%29.cpp">
      <Filter>소스 파일\BOJ</Filter>
    </ClCompile>
    <ClCompile Include="1912 연속합.cpp">
      <Filter>소스 파일\BOJ</Filter>
    </ClCompile>
    <ClCompile Include="43093 편안한길.cpp">
      <Filter>소스 파일\Goorm Level</Filter>
    </ClCompile>
    <ClCompile Include="43201 호프만 알고리즘.cpp">
      <Filter>소스 파일\Goorm Level</Filter>
    </ClCompile>
    <ClCompile Include="prac01.cpp">
      <Filter>소스 파일\Practice</Filter>
    </ClCompile>
    <ClCompile Include="1712 손익분기점.cpp">
      <Filter>소스 파일\BOJ</Filter>
    </ClCompile>
    <ClCompile Include="2839 설탕 배달.cpp">
      <Filter>소스 파일\BOJ</Filter>
    </ClCompile>
    <ClCompile Include="2292 벌집.cpp">
      <Filter>소스 파일\BOJ</Filter>
    </ClCompile>
    <ClCompile Include="1193 분수찾기.cpp">
      <Filter>소스 파일\BOJ</Filter>
    </ClCompile>
    <ClCompile Include="1158 요세푸스%28채점 틀림%29.cpp">
      <Filter>소스 파일\BOJ</Filter>
    </ClCompile>
    <ClCompile Include="10250 ACM 호텔.cpp">
      <Filter>소스 파일\BOJ</Filter>
    </ClCompile>
    <ClCompile Include="1978 소수 찾기.cpp">
      <Filter>소스 파일\BOJ</Filter>
    </ClCompile>
    <ClCompile Include="10872 팩토리얼.cpp">
      <Filter>소스 파일\BOJ</Filter>
    </ClCompile>
    <ClCompile Include="2231 분해합.cpp">
      <Filter>소스 파일\BOJ</Filter>
    </ClCompile>
  </ItemGroup>
  <ItemGroup>
    <Text Include="input.txt">
      <Filter>리소스 파일</Filter>
    </Text>
    <Text Include="output.txt">
      <Filter>리소스 파일</Filter>
    </Text>
    <Text Include="number.txt">
      <Filter>리소스 파일</Filter>
    </Text>
  </ItemGroup>
</Project>