<?xml version="1.0" encoding="utf-8"?>
<Project ToolsVersion="4.0" xmlns="http://schemas.microsoft.com/developer/msbuild/2003">
  <ItemGroup>
    <Filter Include="소스 파일">
      <UniqueIdentifier>{4FC737F1-C7A5-4376-A066-2A32D752A2FF}</UniqueIdentifier>
      <Extensions>cpp;c;cc;cxx;def;odl;idl;hpj;bat;asm;asmx</Extensions>
    </Filter>
    <Filter Include="헤더 파일">
      <UniqueIdentifier>{93995380-89BD-4b04-88EB-625FBE52EBFB}</UniqueIdentifier>
      <Extensions>h;hh;hpp;hxx;hm;inl;inc;ipp;xsd</Extensions>
    </Filter>
    <Filter Include="리소스 파일">
      <UniqueIdentifier>{67DA6AB6-F800-4c08-8B7A-83BB121AAD01}</UniqueIdentifier>
      <Extensions>rc;ico;cur;bmp;dlg;rc2;rct;bin;rgs;gif;jpg;jpeg;jpe;resx;tiff;tif;png;wav;mfcribbon-ms</Extensions>
    </Filter>
    <Filter Include="소스 파일\BOJ">
      <UniqueIdentifier>{b68bbf3b-0af5-4d1c-bd59-d8529498b104}</UniqueIdentifier>
    </Filter>
    <Filter Include="소스 파일\Data Structure">
      <UniqueIdentifier>{47129a01-7a3a-4d83-bd3b-442c1ff4796c}</UniqueIdentifier>
    </Filter>
    <Filter Include="소스 파일\Goorm Level">
      <UniqueIdentifier>{918b1b5f-1e16-4710-9deb-d6e33bb08ad4}</UniqueIdentifier>
    </Filter>
    <Filter Include="소스 파일\Practice">
      <UniqueIdentifier>{ea8ab451-9f58-4be3-8907-c9b26bfb4602}</UniqueIdentifier>
    </Filter>
    <Filter Include="리소스 파일\asd">
      <UniqueIdentifier>{ecfcee45-c6cc-49e6-9771-f3b361b4a8bb}</UniqueIdentifier>
    </Filter>
  </ItemGroup>
  <ItemGroup>
    <ClCompile Include="2019\1149 RGB거리.cpp">
      <Filter>소스 파일\BOJ</Filter>
    </ClCompile>
    <ClCompile Include="2019\1158 요세푸스%28채점 틀림%29.cpp">
      <Filter>소스 파일\BOJ</Filter>
    </ClCompile>
    <ClCompile Include="2019\1193 분수찾기.cpp">
      <Filter>소스 파일\BOJ</Filter>
    </ClCompile>
    <ClCompile Include="2019\1463 1로 만들기.cpp">
      <Filter>소스 파일\BOJ</Filter>
    </ClCompile>
    <ClCompile Include="2019\1541 잃어버린 괄호%28결과수정%29.cpp">
      <Filter>소스 파일\BOJ</Filter>
    </ClCompile>
    <ClCompile Include="2019\1712 손익분기점.cpp">
      <Filter>소스 파일\BOJ</Filter>
    </ClCompile>
    <ClCompile Include="2019\1904 01타일.cpp">
      <Filter>소스 파일\BOJ</Filter>
    </ClCompile>
    <ClCompile Include="2019\1912 연속합.cpp">
      <Filter>소스 파일\BOJ</Filter>
    </ClCompile>
    <ClCompile Include="2019\1914 하노이의 탑.cpp">
      <Filter>소스 파일\BOJ</Filter>
    </ClCompile>
    <ClCompile Include="2019\--1931 회의실배정%28다못풀음%29.cpp">
      <Filter>소스 파일\BOJ</Filter>
    </ClCompile>
    <ClCompile Include="2019\1932 정수 삼각형.cpp">
      <Filter>소스 파일\BOJ</Filter>
    </ClCompile>
    <ClCompile Include="2019\1978 소수 찾기.cpp">
      <Filter>소스 파일\BOJ</Filter>
    </ClCompile>
    <ClCompile Include="2019\2231 분해합.cpp">
      <Filter>소스 파일\BOJ</Filter>
    </ClCompile>
    <ClCompile Include="2019\2292 벌집.cpp">
      <Filter>소스 파일\BOJ</Filter>
    </ClCompile>
    <ClCompile Include="2019\2579 계단 오르기.cpp">
      <Filter>소스 파일\BOJ</Filter>
    </ClCompile>
    <ClCompile Include="2019\2580 스도쿠.cpp">
      <Filter>소스 파일\BOJ</Filter>
    </ClCompile>
    <ClCompile Include="2019\2798 블랙잭.cpp">
      <Filter>소스 파일\BOJ</Filter>
    </ClCompile>
    <ClCompile Include="2019\2839 설탕 배달.cpp">
      <Filter>소스 파일\BOJ</Filter>
    </ClCompile>
    <ClCompile Include="2019\4949 균형잡힌 세상.cpp">
      <Filter>소스 파일\BOJ</Filter>
    </ClCompile>
    <ClCompile Include="2019\5565 거스름돈.cpp">
      <Filter>소스 파일\BOJ</Filter>
    </ClCompile>
    <ClCompile Include="2019\9461 파도반 수열.cpp">
      <Filter>소스 파일\BOJ</Filter>
    </ClCompile>
    <ClCompile Include="2019\9663 N-Queen.cpp">
      <Filter>소스 파일\BOJ</Filter>
    </ClCompile>
    <ClCompile Include="2019\10250 ACM 호텔.cpp">
      <Filter>소스 파일\BOJ</Filter>
    </ClCompile>
    <ClCompile Include="2019\10773 제로.cpp">
      <Filter>소스 파일\BOJ</Filter>
    </ClCompile>
    <ClCompile Include="2019\10870 피보나치 수 5.cpp">
      <Filter>소스 파일\BOJ</Filter>
    </ClCompile>
    <ClCompile Include="2019\10872 팩토리얼.cpp">
      <Filter>소스 파일\BOJ</Filter>
    </ClCompile>
    <ClCompile Include="2019\11047 동전0.cpp">
      <Filter>소스 파일\BOJ</Filter>
    </ClCompile>
    <ClCompile Include="2019\11399 ATM.cpp">
      <Filter>소스 파일\BOJ</Filter>
    </ClCompile>
    <ClCompile Include="2019\11657 타임머신.cpp">
      <Filter>소스 파일\BOJ</Filter>
    </ClCompile>
    <ClCompile Include="2019\12865 평범한 배낭 %28수정필요%29.cpp">
      <Filter>소스 파일\BOJ</Filter>
    </ClCompile>
    <ClCompile Include="2019\43093 편안한길.cpp">
      <Filter>소스 파일\Goorm Level</Filter>
    </ClCompile>
    <ClCompile Include="2019\43120 길찾기%28삼각형%29.cpp">
      <Filter>소스 파일\Goorm Level</Filter>
    </ClCompile>
    <ClCompile Include="2019\43201 호프만 알고리즘.cpp">
      <Filter>소스 파일\Goorm Level</Filter>
    </ClCompile>
    <ClCompile Include="2019\BFS.cpp">
      <Filter>소스 파일\Data Structure</Filter>
    </ClCompile>
    <ClCompile Include="2019\binary search.cpp">
      <Filter>소스 파일\Data Structure</Filter>
    </ClCompile>
    <ClCompile Include="2019\DFS.cpp">
      <Filter>소스 파일\Data Structure</Filter>
    </ClCompile>
    <ClCompile Include="2019\Dijkstra.cpp">
      <Filter>소스 파일\Data Structure</Filter>
    </ClCompile>
    <ClCompile Include="2019\Hello World.cpp">
      <Filter>소스 파일</Filter>
    </ClCompile>
    <ClCompile Include="2019\LIS.cpp">
      <Filter>소스 파일\Data Structure</Filter>
    </ClCompile>
    <ClCompile Include="2019\prac01.cpp">
      <Filter>소스 파일\Practice</Filter>
    </ClCompile>
    <ClCompile Include="2019\queue.cpp">
      <Filter>소스 파일\Data Structure</Filter>
    </ClCompile>
    <ClCompile Include="2019\stack.cpp">
      <Filter>소스 파일\Data Structure</Filter>
    </ClCompile>
    <ClCompile Include="2019\union-find.cpp">
      <Filter>소스 파일\Data Structure</Filter>
    </ClCompile>
    <ClCompile Include="2020\boj.kr\2447 별 찍기 - 10.cpp">
      <Filter>소스 파일</Filter>
    </ClCompile>
    <ClCompile Include="2020\boj.kr\2439 별 찍기 - 2.cpp">
      <Filter>소스 파일</Filter>
    </ClCompile>
    <ClCompile Include="2020\boj.kr\2440 별 찍기 - 3.cpp">
      <Filter>소스 파일</Filter>
    </ClCompile>
    <ClCompile Include="2020\boj.kr\2441 별 찍기 - 4.cpp">
      <Filter>소스 파일</Filter>
    </ClCompile>
    <ClCompile Include="2020\boj.kr\2442 별 찍기 - 5.cpp">
      <Filter>소스 파일</Filter>
    </ClCompile>
    <ClCompile Include="2020\boj.kr\2443 별 찍기 - 6.cpp">
      <Filter>소스 파일</Filter>
    </ClCompile>
    <ClCompile Include="2020\boj.kr\2444 별 찍기 - 7.cpp">
      <Filter>소스 파일</Filter>
    </ClCompile>
    <ClCompile Include="2020\boj.kr\1913 달팽이.cpp">
      <Filter>소스 파일</Filter>
    </ClCompile>
    <ClCompile Include="2020\boj.kr\2231 분해합.cpp">
      <Filter>소스 파일</Filter>
    </ClCompile>
    <ClCompile Include="2020\boj.kr\1018 체스판 다시 칠하기.cpp">
      <Filter>소스 파일</Filter>
    </ClCompile>
    <ClCompile Include="2020\boj.kr\15649 N과 M %281%29.cpp">
      <Filter>소스 파일</Filter>
    </ClCompile>
    <ClCompile Include="2020\boj.kr\15650 N과 M (2).cpp">
      <Filter>소스 파일</Filter>
    </ClCompile>
    <ClCompile Include="2020\boj.kr\15651 N과 M (3).cpp">
      <Filter>소스 파일</Filter>
    </ClCompile>
    <ClCompile Include="2020\boj.kr\15652 N과 M (4).cpp">
      <Filter>소스 파일</Filter>
    </ClCompile>
    <ClCompile Include="2020\boj.kr\15654 N과 M (5).cpp">
      <Filter>소스 파일</Filter>
    </ClCompile>
    <ClCompile Include="2020\boj.kr\9461 파도반 수열.cpp">
      <Filter>소스 파일</Filter>
    </ClCompile>
    <ClCompile Include="2020\boj.kr\1904 01타일.cpp">
      <Filter>소스 파일</Filter>
    </ClCompile>
    <ClCompile Include="2020\boj.kr\1003 피보나치 함수.cpp">
      <Filter>소스 파일</Filter>
    </ClCompile>
    <ClCompile Include="2020\boj.kr\10809 알파벳 찾기.cpp">
      <Filter>소스 파일</Filter>
    </ClCompile>
    <ClCompile Include="2020\boj.kr\1931 회의실 배정.cpp">
      <Filter>소스 파일</Filter>
    </ClCompile>
    <ClCompile Include="2020\boj.kr\1193 분수찾기.cpp">
      <Filter>소스 파일</Filter>
    </ClCompile>
    <ClCompile Include="2020\boj.kr\1260 DFS와 BFS.cpp">
      <Filter>소스 파일</Filter>
    </ClCompile>
    <ClCompile Include="2020\boj.kr\2606 바이러스.cpp">
      <Filter>소스 파일</Filter>
    </ClCompile>
    <ClCompile Include="2020\boj.kr\11053 가장 긴 증가하는 부분 수열.cpp">
      <Filter>소스 파일</Filter>
    </ClCompile>
    <ClCompile Include="2020\boj.kr\1753 최단경로.cpp">
      <Filter>소스 파일</Filter>
    </ClCompile>
    <ClCompile Include="2020\SW 해치웠나.cpp">
      <Filter>소스 파일</Filter>
    </ClCompile>
    <ClCompile Include="2021\e_1\2525 오븐 시계.cpp">
      <Filter>소스 파일</Filter>
    </ClCompile>
    <ClCompile Include="2021\e_1\7567 그릇.cpp">
      <Filter>소스 파일</Filter>
    </ClCompile>
    <ClCompile Include="2021\e_1\10156 과자.cpp">
      <Filter>소스 파일</Filter>
    </ClCompile>
    <ClCompile Include="2021\e_1\10797 10부제.cpp">
      <Filter>소스 파일</Filter>
    </ClCompile>
    <ClCompile Include="2021\boj.kr\2630 색종이 만들기.cpp">
      <Filter>소스 파일</Filter>
    </ClCompile>
    <ClCompile Include="2021\boj.kr\20191 줄임말 w.cpp">
      <Filter>소스 파일</Filter>
    </ClCompile>
    <ClCompile Include="2021\boj.kr\17618 신기한 수.cpp">
      <Filter>소스 파일</Filter>
    </ClCompile>
    <ClCompile Include="2021\한국정보올림피아드\17618 신기한 수.cpp">
      <Filter>소스 파일</Filter>
    </ClCompile>
    <ClCompile Include="2021\boj.kr\1717 집합의 표현.cpp">
      <Filter>소스 파일</Filter>
    </ClCompile>
    <ClCompile Include="2021\e_1\2455 지능형 기차.cpp">
      <Filter>소스 파일</Filter>
    </ClCompile>
    <ClCompile Include="2021\e_1\2475 검증수.cpp">
      <Filter>소스 파일</Filter>
    </ClCompile>
    <ClCompile Include="2021\e_2\10157 자리배정%28W%29.cpp">
      <Filter>소스 파일</Filter>
    </ClCompile>
  </ItemGroup>
  <ItemGroup>
    <Text Include="input.txt">
      <Filter>리소스 파일</Filter>
    </Text>
    <Text Include="output.txt">
      <Filter>리소스 파일</Filter>
    </Text>
    <Text Include="number.txt">
      <Filter>리소스 파일</Filter>
    </Text>
  </ItemGroup>
</Project>